
Microsoft Visual Studio Solution File, Format Version 12.00
# Visual Studio Version 16
VisualStudioVersion = 16.0.32228.343
MinimumVisualStudioVersion = 10.0.40219.1
Project("{FAE04EC0-301F-11D3-BF4B-00C04F79EFBC}") = "Ex_tast", "Ex_tast\Ex_tast.csproj", "{FEBC931A-69B9-4647-98FC-A20EB378E7E2}"
EndProject
Global
	GlobalSection(SolutionConfigurationPlatforms) = preSolution
		Debug|Any CPU = Debug|Any CPU
		Release|Any CPU = Release|Any CPU
	EndGlobalSection
	GlobalSection(ProjectConfigurationPlatforms) = postSolution
		{FEBC931A-69B9-4647-98FC-A20EB378E7E2}.Debug|Any CPU.ActiveCfg = Debug|Any CPU
		{FEBC931A-69B9-4647-98FC-A20EB378E7E2}.Debug|Any CPU.Build.0 = Debug|Any CPU
		{FEBC931A-69B9-4647-98FC-A20EB378E7E2}.Release|Any CPU.ActiveCfg = Release|Any CPU
		{FEBC931A-69B9-4647-98FC-A20EB378E7E2}.Release|Any CPU.Build.0 = Release|Any CPU
	EndGlobalSection
	GlobalSection(SolutionProperties) = preSolution
		HideSolutionNode = FALSE
	EndGlobalSection
	GlobalSection(ExtensibilityGlobals) = postSolution
		SolutionGuid = {09F3C10A-2839-42D7-9EB9-BC84AC463B1C}
	EndGlobalSection
EndGlobal
